{
  "nodes": {
    "home-manager": {
      "inputs": {
        "nixpkgs": [
          "nixpkgs"
        ]
      },
      "locked": {
        "lastModified": 1708031129,
        "narHash": "sha256-EH20hJfNnc1/ODdDVat9B7aKm0B95L3YtkIRwKLvQG8=",
        "owner": "nix-community",
        "repo": "home-manager",
        "rev": "3d6791b3897b526c82920a2ab5f61d71985b3cf8",
        "type": "github"
      },
      "original": {
        "owner": "nix-community",
        "repo": "home-manager",
        "type": "github"
      }
    },
    "hypridle": {
      "inputs": {
        "hyprlang": "hyprlang",
        "nixpkgs": "nixpkgs"
      },
      "locked": {
        "lastModified": 1708453550,
        "narHash": "sha256-KAjPEGjulric1CscaleMJmfsyR7s08j4gzYc6p23K1U=",
        "owner": "hyprwm",
        "repo": "hypridle",
        "rev": "158c52c4a76cff7a1635be8ec1a4a369bc8674ed",
        "type": "github"
      },
      "original": {
        "owner": "hyprwm",
        "repo": "hypridle",
        "type": "github"
      }
    },
    "hyprlang": {
      "inputs": {
        "nixpkgs": [
          "hypridle",
          "nixpkgs"
        ]
      },
      "locked": {
        "lastModified": 1708212860,
        "narHash": "sha256-nW3Zrhh9RJcMTvOcXAaKADnJM/g6tDf3121lJtTHnYo=",
        "owner": "hyprwm",
        "repo": "hyprlang",
        "rev": "11d5ccda071c153dfdc18ef65338956a51cef96a",
        "type": "github"
      },
      "original": {
        "owner": "hyprwm",
        "repo": "hyprlang",
        "type": "github"
      }
    },
    "hyprlang_2": {
      "inputs": {
        "nixpkgs": [
          "hyprlock",
          "nixpkgs"
        ]
      },
      "locked": {
        "lastModified": 1708212860,
        "narHash": "sha256-nW3Zrhh9RJcMTvOcXAaKADnJM/g6tDf3121lJtTHnYo=",
        "owner": "hyprwm",
        "repo": "hyprlang",
        "rev": "11d5ccda071c153dfdc18ef65338956a51cef96a",
        "type": "github"
      },
      "original": {
        "owner": "hyprwm",
        "repo": "hyprlang",
        "type": "github"
      }
    },
    "hyprlock": {
      "inputs": {
        "hyprlang": "hyprlang_2",
        "nixpkgs": "nixpkgs_2"
      },
      "locked": {
        "lastModified": 1708787553,
        "narHash": "sha256-iruG0MClxGNqBeSh1QIOBnFRqUWIx8uoErCNQ69rLtc=",
        "owner": "hyprwm",
        "repo": "hyprlock",
        "rev": "844a89925487cc4a129021d8d1b8a3c91596efb8",
        "type": "github"
      },
      "original": {
        "owner": "hyprwm",
        "repo": "hyprlock",
        "type": "github"
      }
    },
    "nixpkgs": {
      "locked": {
        "lastModified": 1708655239,
        "narHash": "sha256-ZrP/yACUvDB+zbqYJsln4iwotbH6CTZiTkANJ0AgDv4=",
        "owner": "NixOS",
        "repo": "nixpkgs",
        "rev": "cbc4211f0afffe6dfd2478a62615dd5175a13f9a",
        "type": "github"
      },
      "original": {
        "owner": "NixOS",
        "ref": "nixos-unstable",
        "repo": "nixpkgs",
        "type": "github"
      }
    },
    "nixpkgs_2": {
      "locked": {
        "lastModified": 1708475490,
        "narHash": "sha256-g1v0TsWBQPX97ziznfJdWhgMyMGtoBFs102xSYO4syU=",
        "owner": "NixOS",
        "repo": "nixpkgs",
        "rev": "0e74ca98a74bc7270d28838369593635a5db3260",
        "type": "github"
      },
      "original": {
        "owner": "NixOS",
        "ref": "nixos-unstable",
        "repo": "nixpkgs",
        "type": "github"
      }
    },
    "nixpkgs_3": {
      "locked": {
        "lastModified": 1707956935,
        "narHash": "sha256-ZL2TrjVsiFNKOYwYQozpbvQSwvtV/3Me7Zwhmdsfyu4=",
        "owner": "nixos",
        "repo": "nixpkgs",
        "rev": "a4d4fe8c5002202493e87ec8dbc91335ff55552c",
        "type": "github"
      },
      "original": {
        "owner": "nixos",
        "ref": "nixos-unstable",
        "repo": "nixpkgs",
        "type": "github"
      }
    },
    "nur": {
      "locked": {
        "lastModified": 1708098276,
        "narHash": "sha256-2pWhrmQhxUSrkflbupPKG6hjSQzDTzebq5QyIO/HYWI=",
        "owner": "nix-community",
        "repo": "NUR",
        "rev": "31ba97e37ec8c14f8ec2f2baea1a31f0c9abfb3f",
        "type": "github"
      },
      "original": {
        "id": "nur",
        "type": "indirect"
      }
    },
    "nurpkgs": {
      "locked": {
        "lastModified": 1708098276,
        "narHash": "sha256-2pWhrmQhxUSrkflbupPKG6hjSQzDTzebq5QyIO/HYWI=",
        "owner": "nix-community",
        "repo": "NUR",
        "rev": "31ba97e37ec8c14f8ec2f2baea1a31f0c9abfb3f",
        "type": "github"
      },
      "original": {
        "owner": "nix-community",
        "repo": "NUR",
        "type": "github"
      }
    },
    "root": {
      "inputs": {
        "home-manager": "home-manager",
        "hypridle": "hypridle",
        "hyprlock": "hyprlock",
        "nixpkgs": "nixpkgs_3",
        "nur": "nur",
        "nurpkgs": "nurpkgs"
      }
    }
  },
  "root": "root",
  "version": 7
}
